// !$*UTF8*$!
{
	archiveVersion = 1;
	classes = {
	};
	objectVersion = 50;
	objects = {

/* Begin PBXBuildFile section */
		E91F0AE7269C6E67001CBF0B /* MetalLearningApp.swift in Sources */ = {isa = PBXBuildFile; fileRef = E91F0AD4269C6E65001CBF0B /* MetalLearningApp.swift */; };
		E91F0AE8269C6E67001CBF0B /* MetalLearningApp.swift in Sources */ = {isa = PBXBuildFile; fileRef = E91F0AD4269C6E65001CBF0B /* MetalLearningApp.swift */; };
		E91F0AE9269C6E67001CBF0B /* MyMTLView.swift in Sources */ = {isa = PBXBuildFile; fileRef = E91F0AD5269C6E65001CBF0B /* MyMTLView.swift */; };
		E91F0AEA269C6E67001CBF0B /* MyMTLView.swift in Sources */ = {isa = PBXBuildFile; fileRef = E91F0AD5269C6E65001CBF0B /* MyMTLView.swift */; };
		E91F0AEB269C6E67001CBF0B /* Assets.xcassets in Resources */ = {isa = PBXBuildFile; fileRef = E91F0AD6269C6E67001CBF0B /* Assets.xcassets */; };
		E91F0AEC269C6E67001CBF0B /* Assets.xcassets in Resources */ = {isa = PBXBuildFile; fileRef = E91F0AD6269C6E67001CBF0B /* Assets.xcassets */; };
/* End PBXBuildFile section */

/* Begin PBXFileReference section */
		E91F0AD4269C6E65001CBF0B /* MetalLearningApp.swift */ = {isa = PBXFileReference; lastKnownFileType = sourcecode.swift; path = MetalLearningApp.swift; sourceTree = "<group>"; };
		E91F0AD5269C6E65001CBF0B /* MyMTLView.swift */ = {isa = PBXFileReference; lastKnownFileType = sourcecode.swift; path = MyMTLView.swift; sourceTree = "<group>"; };
		E91F0AD6269C6E67001CBF0B /* Assets.xcassets */ = {isa = PBXFileReference; lastKnownFileType = folder.assetcatalog; path = Assets.xcassets; sourceTree = "<group>"; };
		E91F0ADB269C6E67001CBF0B /* MetalLearning.app */ = {isa = PBXFileReference; explicitFileType = wrapper.application; includeInIndex = 0; path = MetalLearning.app; sourceTree = BUILT_PRODUCTS_DIR; };
		E91F0ADE269C6E67001CBF0B /* Info.plist */ = {isa = PBXFileReference; lastKnownFileType = text.plist.xml; path = Info.plist; sourceTree = "<group>"; };
		E91F0AE3269C6E67001CBF0B /* MetalLearning.app */ = {isa = PBXFileReference; explicitFileType = wrapper.application; includeInIndex = 0; path = MetalLearning.app; sourceTree = BUILT_PRODUCTS_DIR; };
		E91F0AE5269C6E67001CBF0B /* Info.plist */ = {isa = PBXFileReference; lastKnownFileType = text.plist.xml; path = Info.plist; sourceTree = "<group>"; };
		E91F0AE6269C6E67001CBF0B /* macOS.entitlements */ = {isa = PBXFileReference; lastKnownFileType = text.plist.entitlements; path = macOS.entitlements; sourceTree = "<group>"; };
/* End PBXFileReference section */

/* Begin PBXFrameworksBuildPhase section */
		E91F0AD8269C6E67001CBF0B /* Frameworks */ = {
			isa = PBXFrameworksBuildPhase;
			buildActionMask = 2147483647;
			files = (
			);
			runOnlyForDeploymentPostprocessing = 0;
		};
		E91F0AE0269C6E67001CBF0B /* Frameworks */ = {
			isa = PBXFrameworksBuildPhase;
			buildActionMask = 2147483647;
			files = (
			);
			runOnlyForDeploymentPostprocessing = 0;
		};
/* End PBXFrameworksBuildPhase section */

/* Begin PBXGroup section */
		E91F0ACE269C6E65001CBF0B = {
			isa = PBXGroup;
			children = (
				E91F0AD3269C6E65001CBF0B /* Shared */,
				E91F0ADD269C6E67001CBF0B /* iOS */,
				E91F0AE4269C6E67001CBF0B /* macOS */,
				E91F0ADC269C6E67001CBF0B /* Products */,
			);
			sourceTree = "<group>";
		};
		E91F0AD3269C6E65001CBF0B /* Shared */ = {
			isa = PBXGroup;
			children = (
				E91F0AD4269C6E65001CBF0B /* MetalLearningApp.swift */,
				E91F0AD5269C6E65001CBF0B /* MyMTLView.swift */,
				E91F0AD6269C6E67001CBF0B /* Assets.xcassets */,
			);
			path = Shared;
			sourceTree = "<group>";
		};
		E91F0ADC269C6E67001CBF0B /* Products */ = {
			isa = PBXGroup;
			children = (
				E91F0ADB269C6E67001CBF0B /* MetalLearning.app */,
				E91F0AE3269C6E67001CBF0B /* MetalLearning.app */,
			);
			name = Products;
			sourceTree = "<group>";
		};
		E91F0ADD269C6E67001CBF0B /* iOS */ = {
			isa = PBXGroup;
			children = (
				E91F0ADE269C6E67001CBF0B /* Info.plist */,
			);
			path = iOS;
			sourceTree = "<group>";
		};
		E91F0AE4269C6E67001CBF0B /* macOS */ = {
			isa = PBXGroup;
			children = (
				E91F0AE5269C6E67001CBF0B /* Info.plist */,
				E91F0AE6269C6E67001CBF0B /* macOS.entitlements */,
			);
			path = macOS;
			sourceTree = "<group>";
		};
/* End PBXGroup section */

/* Begin PBXNativeTarget section */
		E91F0ADA269C6E67001CBF0B /* MetalLearning (iOS) */ = {
			isa = PBXNativeTarget;
			buildConfigurationList = E91F0AEF269C6E67001CBF0B /* Build configuration list for PBXNativeTarget "MetalLearning (iOS)" */;
			buildPhases = (
				E91F0AD7269C6E67001CBF0B /* Sources */,
				E91F0AD8269C6E67001CBF0B /* Frameworks */,
				E91F0AD9269C6E67001CBF0B /* Resources */,
			);
			buildRules = (
			);
			dependencies = (
			);
			name = "MetalLearning (iOS)";
			productName = "MetalLearning (iOS)";
			productReference = E91F0ADB269C6E67001CBF0B /* MetalLearning.app */;
			productType = "com.apple.product-type.application";
		};
		E91F0AE2269C6E67001CBF0B /* MetalLearning (macOS) */ = {
			isa = PBXNativeTarget;
			buildConfigurationList = E91F0AF2269C6E67001CBF0B /* Build configuration list for PBXNativeTarget "MetalLearning (macOS)" */;
			buildPhases = (
				E91F0ADF269C6E67001CBF0B /* Sources */,
				E91F0AE0269C6E67001CBF0B /* Frameworks */,
				E91F0AE1269C6E67001CBF0B /* Resources */,
			);
			buildRules = (
			);
			dependencies = (
			);
			name = "MetalLearning (macOS)";
			productName = "MetalLearning (macOS)";
			productReference = E91F0AE3269C6E67001CBF0B /* MetalLearning.app */;
			productType = "com.apple.product-type.application";
		};
/* End PBXNativeTarget section */

/* Begin PBXProject section */
		E91F0ACF269C6E65001CBF0B /* Project object */ = {
			isa = PBXProject;
			attributes = {
				LastSwiftUpdateCheck = 1250;
				LastUpgradeCheck = 1250;
				TargetAttributes = {
					E91F0ADA269C6E67001CBF0B = {
						CreatedOnToolsVersion = 12.5.1;
					};
					E91F0AE2269C6E67001CBF0B = {
						CreatedOnToolsVersion = 12.5.1;
					};
				};
			};
			buildConfigurationList = E91F0AD2269C6E65001CBF0B /* Build configuration list for PBXProject "MetalLearning" */;
			compatibilityVersion = "Xcode 9.3";
			developmentRegion = en;
			hasScannedForEncodings = 0;
			knownRegions = (
				en,
				Base,
			);
			mainGroup = E91F0ACE269C6E65001CBF0B;
			productRefGroup = E91F0ADC269C6E67001CBF0B /* Products */;
			projectDirPath = "";
			projectRoot = "";
			targets = (
				E91F0ADA269C6E67001CBF0B /* MetalLearning (iOS) */,
				E91F0AE2269C6E67001CBF0B /* MetalLearning (macOS) */,
			);
		};
/* End PBXProject section */

/* Begin PBXResourcesBuildPhase section */
		E91F0AD9269C6E67001CBF0B /* Resources */ = {
			isa = PBXResourcesBuildPhase;
			buildActionMask = 2147483647;
			files = (
				E91F0AEB269C6E67001CBF0B /* Assets.xcassets in Resources */,
			);
			runOnlyForDeploymentPostprocessing = 0;
		};
		E91F0AE1269C6E67001CBF0B /* Resources */ = {
			isa = PBXResourcesBuildPhase;
			buildActionMask = 2147483647;
			files = (
				E91F0AEC269C6E67001CBF0B /* Assets.xcassets in Resources */,
			);
			runOnlyForDeploymentPostprocessing = 0;
		};
/* End PBXResourcesBuildPhase section */

/* Begin PBXSourcesBuildPhase section */
		E91F0AD7269C6E67001CBF0B /* Sources */ = {
			isa = PBXSourcesBuildPhase;
			buildActionMask = 2147483647;
			files = (
				E91F0AE9269C6E67001CBF0B /* MyMTLView.swift in Sources */,
				E91F0AE7269C6E67001CBF0B /* MetalLearningApp.swift in Sources */,
			);
			runOnlyForDeploymentPostprocessing = 0;
		};
		E91F0ADF269C6E67001CBF0B /* Sources */ = {
			isa = PBXSourcesBuildPhase;
			buildActionMask = 2147483647;
			files = (
				E91F0AEA269C6E67001CBF0B /* MyMTLView.swift in Sources */,
				E91F0AE8269C6E67001CBF0B /* MetalLearningApp.swift in Sources */,
			);
			runOnlyForDeploymentPostprocessing = 0;
		};
/* End PBXSourcesBuildPhase section */

/* Begin XCBuildConfiguration section */
		E91F0AED269C6E67001CBF0B /* Debug */ = {
			isa = XCBuildConfiguration;
			buildSettings = {
				ALWAYS_SEARCH_USER_PATHS = NO;
				CLANG_ANALYZER_NONNULL = YES;
				CLANG_ANALYZER_NUMBER_OBJECT_CONVERSION = YES_AGGRESSIVE;
				CLANG_CXX_LANGUAGE_STANDARD = "gnu++14";
				CLANG_CXX_LIBRARY = "libc++";
				CLANG_ENABLE_MODULES = YES;
				CLANG_ENABLE_OBJC_ARC = YES;
				CLANG_ENABLE_OBJC_WEAK = YES;
				CLANG_WARN_BLOCK_CAPTURE_AUTORELEASING = YES;
				CLANG_WARN_BOOL_CONVERSION = YES;
				CLANG_WARN_COMMA = YES;
				CLANG_WARN_CONSTANT_CONVERSION = YES;
				CLANG_WARN_DEPRECATED_OBJC_IMPLEMENTATIONS = YES;
				CLANG_WARN_DIRECT_OBJC_ISA_USAGE = YES_ERROR;
				CLANG_WARN_DOCUMENTATION_COMMENTS = YES;
				CLANG_WARN_EMPTY_BODY = YES;
				CLANG_WARN_ENUM_CONVERSION = YES;
				CLANG_WARN_INFINITE_RECURSION = YES;
				CLANG_WARN_INT_CONVERSION = YES;
				CLANG_WARN_NON_LITERAL_NULL_CONVERSION = YES;
				CLANG_WARN_OBJC_IMPLICIT_RETAIN_SELF = YES;
				CLANG_WARN_OBJC_LITERAL_CONVERSION = YES;
				CLANG_WARN_OBJC_ROOT_CLASS = YES_ERROR;
				CLANG_WARN_QUOTED_INCLUDE_IN_FRAMEWORK_HEADER = YES;
				CLANG_WARN_RANGE_LOOP_ANALYSIS = YES;
				CLANG_WARN_STRICT_PROTOTYPES = YES;
				CLANG_WARN_SUSPICIOUS_MOVE = YES;
				CLANG_WARN_UNGUARDED_AVAILABILITY = YES_AGGRESSIVE;
				CLANG_WARN_UNREACHABLE_CODE = YES;
				CLANG_WARN__DUPLICATE_METHOD_MATCH = YES;
				COPY_PHASE_STRIP = NO;
				DEBUG_INFORMATION_FORMAT = dwarf;
				ENABLE_STRICT_OBJC_MSGSEND = YES;
				ENABLE_TESTABILITY = YES;
				GCC_C_LANGUAGE_STANDARD = gnu11;
				GCC_DYNAMIC_NO_PIC = NO;
				GCC_NO_COMMON_BLOCKS = YES;
				GCC_OPTIMIZATION_LEVEL = 0;
				GCC_PREPROCESSOR_DEFINITIONS = (
					"DEBUG=1",
					"$(inherited)",
				);
				GCC_WARN_64_TO_32_BIT_CONVERSION = YES;
				GCC_WARN_ABOUT_RETURN_TYPE = YES_ERROR;
				GCC_WARN_UNDECLARED_SELECTOR = YES;
				GCC_WARN_UNINITIALIZED_AUTOS = YES_AGGRESSIVE;
				GCC_WARN_UNUSED_FUNCTION = YES;
				GCC_WARN_UNUSED_VARIABLE = YES;
				MTL_ENABLE_DEBUG_INFO = INCLUDE_SOURCE;
				MTL_FAST_MATH = YES;
				ONLY_ACTIVE_ARCH = YES;
				SWIFT_ACTIVE_COMPILATION_CONDITIONS = DEBUG;
				SWIFT_OPTIMIZATION_LEVEL = "-Onone";
			};
			name = Debug;
		};
		E91F0AEE269C6E67001CBF0B /* Release */ = {
			isa = XCBuildConfiguration;
			buildSettings = {
				ALWAYS_SEARCH_USER_PATHS = NO;
				CLANG_ANALYZER_NONNULL = YES;
				CLANG_ANALYZER_NUMBER_OBJECT_CONVERSION = YES_AGGRESSIVE;
				CLANG_CXX_LANGUAGE_STANDARD = "gnu++14";
				CLANG_CXX_LIBRARY = "libc++";
				CLANG_ENABLE_MODULES = YES;
				CLANG_ENABLE_OBJC_ARC = YES;
				CLANG_ENABLE_OBJC_WEAK = YES;
				CLANG_WARN_BLOCK_CAPTURE_AUTORELEASING = YES;
				CLANG_WARN_BOOL_CONVERSION = YES;
				CLANG_WARN_COMMA = YES;
				CLANG_WARN_CONSTANT_CONVERSION = YES;
				CLANG_WARN_DEPRECATED_OBJC_IMPLEMENTATIONS = YES;
				CLANG_WARN_DIRECT_OBJC_ISA_USAGE = YES_ERROR;
				CLANG_WARN_DOCUMENTATION_COMMENTS = YES;
				CLANG_WARN_EMPTY_BODY = YES;
				CLANG_WARN_ENUM_CONVERSION = YES;
				CLANG_WARN_INFINITE_RECURSION = YES;
				CLANG_WARN_INT_CONVERSION = YES;
				CLANG_WARN_NON_LITERAL_NULL_CONVERSION = YES;
				CLANG_WARN_OBJC_IMPLICIT_RETAIN_SELF = YES;
				CLANG_WARN_OBJC_LITERAL_CONVERSION = YES;
				CLANG_WARN_OBJC_ROOT_CLASS = YES_ERROR;
				CLANG_WARN_QUOTED_INCLUDE_IN_FRAMEWORK_HEADER = YES;
				CLANG_WARN_RANGE_LOOP_ANALYSIS = YES;
				CLANG_WARN_STRICT_PROTOTYPES = YES;
				CLANG_WARN_SUSPICIOUS_MOVE = YES;
				CLANG_WARN_UNGUARDED_AVAILABILITY = YES_AGGRESSIVE;
				CLANG_WARN_UNREACHABLE_CODE = YES;
				CLANG_WARN__DUPLICATE_METHOD_MATCH = YES;
				COPY_PHASE_STRIP = NO;
				DEBUG_INFORMATION_FORMAT = "dwarf-with-dsym";
				ENABLE_NS_ASSERTIONS = NO;
				ENABLE_STRICT_OBJC_MSGSEND = YES;
				GCC_C_LANGUAGE_STANDARD = gnu11;
				GCC_NO_COMMON_BLOCKS = YES;
				GCC_WARN_64_TO_32_BIT_CONVERSION = YES;
				GCC_WARN_ABOUT_RETURN_TYPE = YES_ERROR;
				GCC_WARN_UNDECLARED_SELECTOR = YES;
				GCC_WARN_UNINITIALIZED_AUTOS = YES_AGGRESSIVE;
				GCC_WARN_UNUSED_FUNCTION = YES;
				GCC_WARN_UNUSED_VARIABLE = YES;
				MTL_ENABLE_DEBUG_INFO = NO;
				MTL_FAST_MATH = YES;
				SWIFT_COMPILATION_MODE = wholemodule;
				SWIFT_OPTIMIZATION_LEVEL = "-O";
			};
			name = Release;
		};
		E91F0AF0269C6E67001CBF0B /* Debug */ = {
			isa = XCBuildConfiguration;
			buildSettings = {
				ASSETCATALOG_COMPILER_APPICON_NAME = AppIcon;
				ASSETCATALOG_COMPILER_GLOBAL_ACCENT_COLOR_NAME = AccentColor;
				CODE_SIGN_STYLE = Automatic;
				DEVELOPMENT_TEAM = U28X3G4N5K;
				ENABLE_PREVIEWS = YES;
				INFOPLIST_FILE = iOS/Info.plist;
				IPHONEOS_DEPLOYMENT_TARGET = 14.0;
				LD_RUNPATH_SEARCH_PATHS = (
					"$(inherited)",
					"@executable_path/Frameworks",
				);
				PRODUCT_BUNDLE_IDENTIFIER = com.andy.MetalLearning;
				PRODUCT_NAME = MetalLearning;
				SDKROOT = iphoneos;
				SWIFT_VERSION = 5.0;
				TARGETED_DEVICE_FAMILY = "1,2";
			};
			name = Debug;
		};
		E91F0AF1269C6E67001CBF0B /* Release */ = {
			isa = XCBuildConfiguration;
			buildSettings = {
				ASSETCATALOG_COMPILER_APPICON_NAME = AppIcon;
				ASSETCATALOG_COMPILER_GLOBAL_ACCENT_COLOR_NAME = AccentColor;
				CODE_SIGN_STYLE = Automatic;
				DEVELOPMENT_TEAM = U28X3G4N5K;
				ENABLE_PREVIEWS = YES;
				INFOPLIST_FILE = iOS/Info.plist;
				IPHONEOS_DEPLOYMENT_TARGET = 14.0;
				LD_RUNPATH_SEARCH_PATHS = (
					"$(inherited)",
					"@executable_path/Frameworks",
				);
				PRODUCT_BUNDLE_IDENTIFIER = com.andy.MetalLearning;
				PRODUCT_NAME = MetalLearning;
				SDKROOT = iphoneos;
				SWIFT_VERSION = 5.0;
				TARGETED_DEVICE_FAMILY = "1,2";
				VALIDATE_PRODUCT = YES;
			};
			name = Release;
		};
		E91F0AF3269C6E67001CBF0B /* Debug */ = {
			isa = XCBuildConfiguration;
			buildSettings = {
				ASSETCATALOG_COMPILER_APPICON_NAME = AppIcon;
				ASSETCATALOG_COMPILER_GLOBAL_ACCENT_COLOR_NAME = AccentColor;
				CODE_SIGN_ENTITLEMENTS = macOS/macOS.entitlements;
				CODE_SIGN_STYLE = Automatic;
				COMBINE_HIDPI_IMAGES = YES;
				DEVELOPMENT_TEAM = 2L8683256Z;
				ENABLE_HARDENED_RUNTIME = YES;
				ENABLE_PREVIEWS = YES;
				INFOPLIST_FILE = macOS/Info.plist;
				LD_RUNPATH_SEARCH_PATHS = (
					"$(inherited)",
					"@executable_path/../Frameworks",
				);
				MACOSX_DEPLOYMENT_TARGET = 11.0;
				PRODUCT_BUNDLE_IDENTIFIER = com.andy.MetalLearning;
				PRODUCT_NAME = MetalLearning;
				SDKROOT = macosx;
				SWIFT_VERSION = 5.0;
			};
			name = Debug;
		};
		E91F0AF4269C6E67001CBF0B /* Release */ = {
			isa = XCBuildConfiguration;
			buildSettings = {
				ASSETCATALOG_COMPILER_APPICON_NAME = AppIcon;
				ASSETCATALOG_COMPILER_GLOBAL_ACCENT_COLOR_NAME = AccentColor;
				CODE_SIGN_ENTITLEMENTS = macOS/macOS.entitlements;
				CODE_SIGN_STYLE = Automatic;
				COMBINE_HIDPI_IMAGES = YES;
				DEVELOPMENT_TEAM = 2L8683256Z;
				ENABLE_HARDENED_RUNTIME = YES;
				ENABLE_PREVIEWS = YES;
				INFOPLIST_FILE = macOS/Info.plist;
				LD_RUNPATH_SEARCH_PATHS = (
					"$(inherited)",
					"@executable_path/../Frameworks",
				);
				MACOSX_DEPLOYMENT_TARGET = 11.0;
				PRODUCT_BUNDLE_IDENTIFIER = com.andy.MetalLearning;
				PRODUCT_NAME = MetalLearning;
				SDKROOT = macosx;
				SWIFT_VERSION = 5.0;
			};
			name = Release;
		};
/* End XCBuildConfiguration section */

/* Begin XCConfigurationList section */
		E91F0AD2269C6E65001CBF0B /* Build configuration list for PBXProject "MetalLearning" */ = {
			isa = XCConfigurationList;
			buildConfigurations = (
				E91F0AED269C6E67001CBF0B /* Debug */,
				E91F0AEE269C6E67001CBF0B /* Release */,
			);
			defaultConfigurationIsVisible = 0;
			defaultConfigurationName = Release;
		};
		E91F0AEF269C6E67001CBF0B /* Build configuration list for PBXNativeTarget "MetalLearning (iOS)" */ = {
			isa = XCConfigurationList;
			buildConfigurations = (
				E91F0AF0269C6E67001CBF0B /* Debug */,
				E91F0AF1269C6E67001CBF0B /* Release */,
			);
			defaultConfigurationIsVisible = 0;
			defaultConfigurationName = Release;
		};
		E91F0AF2269C6E67001CBF0B /* Build configuration list for PBXNativeTarget "MetalLearning (macOS)" */ = {
			isa = XCConfigurationList;
			buildConfigurations = (
				E91F0AF3269C6E67001CBF0B /* Debug */,
				E91F0AF4269C6E67001CBF0B /* Release */,
			);
			defaultConfigurationIsVisible = 0;
			defaultConfigurationName = Release;
		};
/* End XCConfigurationList section */
	};
	rootObject = E91F0ACF269C6E65001CBF0B /* Project object */;
}
